
Microsoft Visual Studio Solution File, Format Version 12.00
# Visual Studio 14
VisualStudioVersion = 14.0.24720.0
MinimumVisualStudioVersion = 10.0.40219.1
Project("{FAE04EC0-301F-11D3-BF4B-00C04F79EFBC}") = "MVC GarageApp", "MVC GarageApp\MVC GarageApp.csproj", "{6A3F04B8-48D4-4938-B60A-E632331162AC}"
EndProject
Global
	GlobalSection(SolutionConfigurationPlatforms) = preSolution
		Debug|Any CPU = Debug|Any CPU
		Release|Any CPU = Release|Any CPU
	EndGlobalSection
	GlobalSection(ProjectConfigurationPlatforms) = postSolution
		{6A3F04B8-48D4-4938-B60A-E632331162AC}.Debug|Any CPU.ActiveCfg = Debug|Any CPU
		{6A3F04B8-48D4-4938-B60A-E632331162AC}.Debug|Any CPU.Build.0 = Debug|Any CPU
		{6A3F04B8-48D4-4938-B60A-E632331162AC}.Release|Any CPU.ActiveCfg = Release|Any CPU
		{6A3F04B8-48D4-4938-B60A-E632331162AC}.Release|Any CPU.Build.0 = Release|Any CPU
	EndGlobalSection
	GlobalSection(SolutionProperties) = preSolution
		HideSolutionNode = FALSE
	EndGlobalSection
EndGlobal
